
Microsoft Visual Studio Solution File, Format Version 12.00
# Visual Studio 15
VisualStudioVersion = 15.0.28307.902
MinimumVisualStudioVersion = 10.0.40219.1
Project("{FAE04EC0-301F-11D3-BF4B-00C04F79EFBC}") = "kursach_kuv", "kursach_kuv\kursach_kuv.csproj", "{B174BF67-C823-4C29-893A-8EB47A0A596C}"
EndProject
Global
	GlobalSection(SolutionConfigurationPlatforms) = preSolution
		Debug|Any CPU = Debug|Any CPU
		Release|Any CPU = Release|Any CPU
	EndGlobalSection
	GlobalSection(ProjectConfigurationPlatforms) = postSolution
		{B174BF67-C823-4C29-893A-8EB47A0A596C}.Debug|Any CPU.ActiveCfg = Debug|Any CPU
		{B174BF67-C823-4C29-893A-8EB47A0A596C}.Debug|Any CPU.Build.0 = Debug|Any CPU
		{B174BF67-C823-4C29-893A-8EB47A0A596C}.Release|Any CPU.ActiveCfg = Release|Any CPU
		{B174BF67-C823-4C29-893A-8EB47A0A596C}.Release|Any CPU.Build.0 = Release|Any CPU
	EndGlobalSection
	GlobalSection(SolutionProperties) = preSolution
		HideSolutionNode = FALSE
	EndGlobalSection
	GlobalSection(ExtensibilityGlobals) = postSolution
		SolutionGuid = {49B639F1-C6E8-43DF-916B-A709BB000058}
	EndGlobalSection
EndGlobal
